{
  "version": 4,
  "terraform_version": "0.12.7",
  "serial": 87,
  "lineage": "bfc26476-8a1c-7bfa-acea-a1da68a21de0",
  "outputs": {
    "public_ip_addr": {
      "value": "",
      "type": "string"
    }
  },
  "resources": [
    {
      "mode": "data",
      "type": "azurerm_image",
      "name": "managed_image",
      "provider": "provider.azurerm",
      "instances": [
        {
          "schema_version": 0,
          "attributes": {
            "data_disk": [
              {
                "blob_uri": "",
                "caching": "ReadWrite",
                "lun": 0,
                "managed_disk_id": "/subscriptions/05be085b-86ea-4336-addc-38fd56051a9e/resourceGroups/test-imgrepo-rg/providers/Microsoft.Compute/disks/blank_250GB",
                "size_gb": 250
              }
            ],
            "id": "/subscriptions/05be085b-86ea-4336-addc-38fd56051a9e/resourceGroups/test-imgrepo-rg/providers/Microsoft.Compute/images/imgtestwithdatadisk",
            "location": "southeastasia",
            "name": "imgtestwithdatadisk",
            "name_regex": null,
            "os_disk": [
              {
                "blob_uri": "",
                "caching": "None",
                "managed_disk_id": "/subscriptions/05be085b-86ea-4336-addc-38fd56051a9e/resourceGroups/mytfrg/providers/Microsoft.Compute/disks/PackerTemp",
                "os_state": "Generalized",
                "os_type": "Linux",
                "size_gb": 50
              }
            ],
            "resource_group_name": "test-imgrepo-rg",
            "sort_descending": false,
            "tags": {},
            "timeouts": null,
            "zone_resilient": false
          },
          "depends_on": [
            "data.azurerm_resource_group.managed_image_rg"
          ]
        }
      ]
    },
    {
      "mode": "data",
      "type": "azurerm_resource_group",
      "name": "managed_image_rg",
      "provider": "provider.azurerm",
      "instances": [
        {
          "schema_version": 0,
          "attributes": {
            "id": "/subscriptions/05be085b-86ea-4336-addc-38fd56051a9e/resourceGroups/test-imgrepo-rg",
            "location": "southeastasia",
            "name": "test-imgrepo-rg",
            "tags": {
              "environment": "Terraform Deployment"
            },
            "timeouts": null
          }
        }
      ]
    },
    {
      "mode": "managed",
      "type": "azurerm_application_gateway",
      "name": "network",
      "provider": "provider.azurerm",
      "instances": [
        {
          "schema_version": 0,
          "attributes": {
            "authentication_certificate": [],
            "autoscale_configuration": [],
            "backend_address_pool": [
              {
                "fqdn_list": [],
                "fqdns": [],
                "id": "/subscriptions/05be085b-86ea-4336-addc-38fd56051a9e/resourceGroups/kunhovmss-rg/providers/Microsoft.Network/applicationGateways/vmss-appgateway/backendAddressPools/kunhovmss-appg-beap",
                "ip_address_list": [],
                "ip_addresses": [],
                "name": "kunhovmss-appg-beap"
              }
            ],
            "backend_http_settings": [
              {
                "affinity_cookie_name": "",
                "authentication_certificate": [],
                "connection_draining": [
                  {
                    "drain_timeout_sec": 10,
                    "enabled": true
                  }
                ],
                "cookie_based_affinity": "Disabled",
                "host_name": "",
                "id": "/subscriptions/05be085b-86ea-4336-addc-38fd56051a9e/resourceGroups/kunhovmss-rg/providers/Microsoft.Network/applicationGateways/vmss-appgateway/backendHttpSettingsCollection/kunhovmss-appg-be-htst",
                "name": "kunhovmss-appg-be-htst",
                "path": "/",
                "pick_host_name_from_backend_address": false,
                "port": 9000,
                "probe_id": "/subscriptions/05be085b-86ea-4336-addc-38fd56051a9e/resourceGroups/kunhovmss-rg/providers/Microsoft.Network/applicationGateways/vmss-appgateway/probes/kunhovmss-appg-probe",
                "probe_name": "kunhovmss-appg-probe",
                "protocol": "Http",
                "request_timeout": 1
              }
            ],
            "custom_error_configuration": [],
            "disabled_ssl_protocols": [],
            "enable_http2": false,
            "frontend_ip_configuration": [
              {
                "id": "/subscriptions/05be085b-86ea-4336-addc-38fd56051a9e/resourceGroups/kunhovmss-rg/providers/Microsoft.Network/applicationGateways/vmss-appgateway/frontendIPConfigurations/kunhovmss-appg-feip",
                "name": "kunhovmss-appg-feip",
                "private_ip_address": "",
                "private_ip_address_allocation": "Dynamic",
                "public_ip_address_id": "/subscriptions/05be085b-86ea-4336-addc-38fd56051a9e/resourceGroups/kunhovmss-rg/providers/Microsoft.Network/publicIPAddresses/ag-pip",
                "subnet_id": ""
              }
            ],
            "frontend_port": [
              {
                "id": "/subscriptions/05be085b-86ea-4336-addc-38fd56051a9e/resourceGroups/kunhovmss-rg/providers/Microsoft.Network/applicationGateways/vmss-appgateway/frontendPorts/kunhovmss-appg-feport",
                "name": "kunhovmss-appg-feport",
                "port": 80
              }
            ],
            "gateway_ip_configuration": [
              {
                "id": "/subscriptions/05be085b-86ea-4336-addc-38fd56051a9e/resourceGroups/kunhovmss-rg/providers/Microsoft.Network/applicationGateways/vmss-appgateway/gatewayIPConfigurations/my-gateway-ip-configuration",
                "name": "my-gateway-ip-configuration",
                "subnet_id": "/subscriptions/05be085b-86ea-4336-addc-38fd56051a9e/resourceGroups/kunhovmss-rg/providers/Microsoft.Network/virtualNetworks/kunhovmss-vnet/subnets/ag-subnet"
              }
            ],
            "http_listener": [
              {
                "custom_error_configuration": [],
                "frontend_ip_configuration_id": "/subscriptions/05be085b-86ea-4336-addc-38fd56051a9e/resourceGroups/kunhovmss-rg/providers/Microsoft.Network/applicationGateways/vmss-appgateway/frontendIPConfigurations/kunhovmss-appg-feip",
                "frontend_ip_configuration_name": "kunhovmss-appg-feip",
                "frontend_port_id": "/subscriptions/05be085b-86ea-4336-addc-38fd56051a9e/resourceGroups/kunhovmss-rg/providers/Microsoft.Network/applicationGateways/vmss-appgateway/frontendPorts/kunhovmss-appg-feport",
                "frontend_port_name": "kunhovmss-appg-feport",
                "host_name": "",
                "id": "/subscriptions/05be085b-86ea-4336-addc-38fd56051a9e/resourceGroups/kunhovmss-rg/providers/Microsoft.Network/applicationGateways/vmss-appgateway/httpListeners/kunhovmss-appg-httplstn",
                "name": "kunhovmss-appg-httplstn",
                "protocol": "Http",
                "require_sni": false,
                "ssl_certificate_id": "",
                "ssl_certificate_name": ""
              }
            ],
            "id": "/subscriptions/05be085b-86ea-4336-addc-38fd56051a9e/resourceGroups/kunhovmss-rg/providers/Microsoft.Network/applicationGateways/vmss-appgateway",
            "identity": [],
            "location": "southeastasia",
            "name": "vmss-appgateway",
            "probe": [
              {
                "host": "127.0.0.1",
                "id": "/subscriptions/05be085b-86ea-4336-addc-38fd56051a9e/resourceGroups/kunhovmss-rg/providers/Microsoft.Network/applicationGateways/vmss-appgateway/probes/kunhovmss-appg-probe",
                "interval": 1,
                "match": [
                  {
                    "body": "Healthy",
                    "status_code": [
                      "200-399"
                    ]
                  }
                ],
                "minimum_servers": 0,
                "name": "kunhovmss-appg-probe",
                "path": "/health",
                "pick_host_name_from_backend_http_settings": false,
                "protocol": "Http",
                "timeout": 1,
                "unhealthy_threshold": 2
              }
            ],
            "redirect_configuration": [],
            "request_routing_rule": [
              {
                "backend_address_pool_id": "/subscriptions/05be085b-86ea-4336-addc-38fd56051a9e/resourceGroups/kunhovmss-rg/providers/Microsoft.Network/applicationGateways/vmss-appgateway/backendAddressPools/kunhovmss-appg-beap",
                "backend_address_pool_name": "kunhovmss-appg-beap",
                "backend_http_settings_id": "/subscriptions/05be085b-86ea-4336-addc-38fd56051a9e/resourceGroups/kunhovmss-rg/providers/Microsoft.Network/applicationGateways/vmss-appgateway/backendHttpSettingsCollection/kunhovmss-appg-be-htst",
                "backend_http_settings_name": "kunhovmss-appg-be-htst",
                "http_listener_id": "/subscriptions/05be085b-86ea-4336-addc-38fd56051a9e/resourceGroups/kunhovmss-rg/providers/Microsoft.Network/applicationGateways/vmss-appgateway/httpListeners/kunhovmss-appg-httplstn",
                "http_listener_name": "kunhovmss-appg-httplstn",
                "id": "/subscriptions/05be085b-86ea-4336-addc-38fd56051a9e/resourceGroups/kunhovmss-rg/providers/Microsoft.Network/applicationGateways/vmss-appgateway/requestRoutingRules/kunhovmss-appg-rqrt",
                "name": "kunhovmss-appg-rqrt",
                "redirect_configuration_id": "",
                "redirect_configuration_name": "",
                "rewrite_rule_set_id": "",
                "rewrite_rule_set_name": "",
                "rule_type": "Basic",
                "url_path_map_id": "",
                "url_path_map_name": ""
              }
            ],
            "resource_group_name": "kunhovmss-rg",
            "rewrite_rule_set": [],
            "sku": [
              {
                "capacity": 2,
                "name": "Standard_v2",
                "tier": "Standard_v2"
              }
            ],
            "ssl_certificate": [],
            "ssl_policy": [
              {
                "cipher_suites": [],
                "disabled_protocols": [],
                "min_protocol_version": "",
                "policy_name": "",
                "policy_type": ""
              }
            ],
            "tags": {},
            "trusted_root_certificate": [],
            "url_path_map": [],
            "waf_configuration": [],
            "zones": null
          },
          "private": "bnVsbA==",
          "depends_on": [
            "azurerm_public_ip.agPIP",
            "azurerm_resource_group.terraformrg",
            "azurerm_subnet.agsubnet"
          ]
        }
      ]
    },
    {
      "mode": "managed",
      "type": "azurerm_lb",
      "name": "terraformnatlb",
      "provider": "provider.azurerm",
      "instances": [
        {
          "schema_version": 0,
          "attributes": {
            "frontend_ip_configuration": [
              {
                "id": "/subscriptions/05be085b-86ea-4336-addc-38fd56051a9e/resourceGroups/kunhovmss-rg/providers/Microsoft.Network/loadBalancers/terraform-natlb/frontendIPConfigurations/PublicIPAddress",
                "inbound_nat_rules": [],
                "load_balancer_rules": [],
                "name": "PublicIPAddress",
                "outbound_rules": [],
                "private_ip_address": "",
                "private_ip_address_allocation": "Dynamic",
                "public_ip_address_id": "/subscriptions/05be085b-86ea-4336-addc-38fd56051a9e/resourceGroups/kunhovmss-rg/providers/Microsoft.Network/publicIPAddresses/publiclb-pip",
                "public_ip_prefix_id": "",
                "subnet_id": "",
                "zones": null
              }
            ],
            "id": "/subscriptions/05be085b-86ea-4336-addc-38fd56051a9e/resourceGroups/kunhovmss-rg/providers/Microsoft.Network/loadBalancers/terraform-natlb",
            "location": "southeastasia",
            "name": "terraform-natlb",
            "private_ip_address": "",
            "private_ip_addresses": [],
            "resource_group_name": "kunhovmss-rg",
            "sku": "Basic",
            "tags": {
              "environment": "Terraform deployment"
            }
          },
          "private": "bnVsbA==",
          "depends_on": [
            "azurerm_public_ip.PublicLBPIP",
            "azurerm_resource_group.terraformrg"
          ]
        }
      ]
    },
    {
      "mode": "managed",
      "type": "azurerm_lb_backend_address_pool",
      "name": "backendpool",
      "provider": "provider.azurerm",
      "instances": [
        {
          "schema_version": 0,
          "attributes": {
            "backend_ip_configurations": [],
            "id": "/subscriptions/05be085b-86ea-4336-addc-38fd56051a9e/resourceGroups/kunhovmss-rg/providers/Microsoft.Network/loadBalancers/terraform-natlb/backendAddressPools/BackEndAddressPool",
            "load_balancing_rules": [],
            "loadbalancer_id": "/subscriptions/05be085b-86ea-4336-addc-38fd56051a9e/resourceGroups/kunhovmss-rg/providers/Microsoft.Network/loadBalancers/terraform-natlb",
            "location": null,
            "name": "BackEndAddressPool",
            "resource_group_name": "kunhovmss-rg"
          },
          "private": "bnVsbA==",
          "depends_on": [
            "azurerm_lb.terraformnatlb",
            "azurerm_resource_group.terraformrg"
          ]
        }
      ]
    },
    {
      "mode": "managed",
      "type": "azurerm_lb_nat_pool",
      "name": "lbnatpool",
      "provider": "provider.azurerm",
      "instances": [
        {
          "schema_version": 0,
          "attributes": {
            "backend_port": 22,
            "frontend_ip_configuration_id": "/subscriptions/05be085b-86ea-4336-addc-38fd56051a9e/resourceGroups/kunhovmss-rg/providers/Microsoft.Network/loadBalancers/terraform-natlb/frontendIPConfigurations/PublicIPAddress",
            "frontend_ip_configuration_name": "PublicIPAddress",
            "frontend_port_end": 50119,
            "frontend_port_start": 50000,
            "id": "/subscriptions/05be085b-86ea-4336-addc-38fd56051a9e/resourceGroups/kunhovmss-rg/providers/Microsoft.Network/loadBalancers/terraform-natlb/inboundNatPools/ssh",
            "loadbalancer_id": "/subscriptions/05be085b-86ea-4336-addc-38fd56051a9e/resourceGroups/kunhovmss-rg/providers/Microsoft.Network/loadBalancers/terraform-natlb",
            "location": null,
            "name": "ssh",
            "protocol": "Tcp",
            "resource_group_name": "kunhovmss-rg"
          },
          "private": "bnVsbA==",
          "depends_on": [
            "azurerm_lb.terraformnatlb",
            "azurerm_resource_group.terraformrg"
          ]
        }
      ]
    },
    {
      "mode": "managed",
      "type": "azurerm_public_ip",
      "name": "PublicLBPIP",
      "provider": "provider.azurerm",
      "instances": [
        {
          "schema_version": 0,
          "attributes": {
            "allocation_method": "Dynamic",
            "domain_name_label": "kunhovmss-rg",
            "fqdn": "kunhovmss-rg.southeastasia.cloudapp.azure.com",
            "id": "/subscriptions/05be085b-86ea-4336-addc-38fd56051a9e/resourceGroups/kunhovmss-rg/providers/Microsoft.Network/publicIPAddresses/publiclb-pip",
            "idle_timeout_in_minutes": 4,
            "ip_address": "",
            "ip_version": "IPv4",
            "location": "southeastasia",
            "name": "publiclb-pip",
            "public_ip_address_allocation": "Dynamic",
            "public_ip_prefix_id": null,
            "resource_group_name": "kunhovmss-rg",
            "reverse_fqdn": "",
            "sku": "Basic",
            "tags": {
              "environment": "Terraform Deployment"
            },
            "zones": null
          },
          "private": "bnVsbA==",
          "depends_on": [
            "azurerm_resource_group.terraformrg"
          ]
        }
      ]
    },
    {
      "mode": "managed",
      "type": "azurerm_public_ip",
      "name": "agPIP",
      "provider": "provider.azurerm",
      "instances": [
        {
          "schema_version": 0,
          "attributes": {
            "allocation_method": "Static",
            "domain_name_label": null,
            "fqdn": null,
            "id": "/subscriptions/05be085b-86ea-4336-addc-38fd56051a9e/resourceGroups/kunhovmss-rg/providers/Microsoft.Network/publicIPAddresses/ag-pip",
            "idle_timeout_in_minutes": 4,
            "ip_address": "20.43.176.7",
            "ip_version": "IPv4",
            "location": "southeastasia",
            "name": "ag-pip",
            "public_ip_address_allocation": "Static",
            "public_ip_prefix_id": null,
            "resource_group_name": "kunhovmss-rg",
            "reverse_fqdn": null,
            "sku": "Standard",
            "tags": {
              "environment": "Terraform Deployment"
            },
            "zones": null
          },
          "private": "bnVsbA==",
          "depends_on": [
            "azurerm_resource_group.terraformrg"
          ]
        }
      ]
    },
    {
      "mode": "managed",
      "type": "azurerm_resource_group",
      "name": "terraformrg",
      "provider": "provider.azurerm",
      "instances": [
        {
          "schema_version": 0,
          "attributes": {
            "id": "/subscriptions/05be085b-86ea-4336-addc-38fd56051a9e/resourceGroups/kunhovmss-rg",
            "location": "southeastasia",
            "name": "kunhovmss-rg",
            "tags": {
              "environment": "Terraform deployment"
            }
          },
          "private": "bnVsbA=="
        }
      ]
    },
    {
      "mode": "managed",
      "type": "azurerm_role_assignment",
      "name": "terraformmsirole",
      "provider": "provider.azurerm",
      "instances": [
        {
          "schema_version": 0,
          "attributes": {
            "id": "/subscriptions/05be085b-86ea-4336-addc-38fd56051a9e/resourceGroups/kunhovmss-rg/providers/Microsoft.Authorization/roleAssignments/2f905f5e-f84e-7ae3-77bf-1eac9b57b776",
            "name": "2f905f5e-f84e-7ae3-77bf-1eac9b57b776",
            "principal_id": "41d13b46-d452-4086-92ba-264e7a8f3806",
            "principal_type": "ServicePrincipal",
            "role_definition_id": "/subscriptions/05be085b-86ea-4336-addc-38fd56051a9e/providers/Microsoft.Authorization/roleDefinitions/b24988ac-6180-42a0-ab88-20f7382dd24c",
            "role_definition_name": "Contributor",
            "scope": "/subscriptions/05be085b-86ea-4336-addc-38fd56051a9e/resourceGroups/kunhovmss-rg",
            "skip_service_principal_aad_check": null
          },
          "private": "bnVsbA==",
          "depends_on": [
            "azurerm_resource_group.terraformrg",
            "azurerm_virtual_machine_scale_set.terraformvmss"
          ]
        }
      ]
    },
    {
      "mode": "managed",
      "type": "azurerm_subnet",
      "name": "agsubnet",
      "provider": "provider.azurerm",
      "instances": [
        {
          "schema_version": 0,
          "attributes": {
            "address_prefix": "10.0.2.0/24",
            "delegation": [],
            "enforce_private_link_endpoint_network_policies": false,
            "enforce_private_link_service_network_policies": false,
            "id": "/subscriptions/05be085b-86ea-4336-addc-38fd56051a9e/resourceGroups/kunhovmss-rg/providers/Microsoft.Network/virtualNetworks/kunhovmss-vnet/subnets/ag-subnet",
            "ip_configurations": [],
            "name": "ag-subnet",
            "network_security_group_id": "",
            "resource_group_name": "kunhovmss-rg",
            "route_table_id": "",
            "service_endpoints": null,
            "virtual_network_name": "kunhovmss-vnet"
          },
          "private": "bnVsbA==",
          "depends_on": [
            "azurerm_resource_group.terraformrg",
            "azurerm_virtual_network.terraformvnet"
          ]
        }
      ]
    },
    {
      "mode": "managed",
      "type": "azurerm_subnet",
      "name": "terraformsubnet",
      "provider": "provider.azurerm",
      "instances": [
        {
          "schema_version": 0,
          "attributes": {
            "address_prefix": "10.0.1.0/24",
            "delegation": [],
            "enforce_private_link_endpoint_network_policies": false,
            "enforce_private_link_service_network_policies": false,
            "id": "/subscriptions/05be085b-86ea-4336-addc-38fd56051a9e/resourceGroups/kunhovmss-rg/providers/Microsoft.Network/virtualNetworks/kunhovmss-vnet/subnets/vmss-subnet",
            "ip_configurations": [],
            "name": "vmss-subnet",
            "network_security_group_id": "",
            "resource_group_name": "kunhovmss-rg",
            "route_table_id": "",
            "service_endpoints": null,
            "virtual_network_name": "kunhovmss-vnet"
          },
          "private": "bnVsbA==",
          "depends_on": [
            "azurerm_resource_group.terraformrg",
            "azurerm_virtual_network.terraformvnet"
          ]
        }
      ]
    },
    {
      "mode": "managed",
      "type": "azurerm_virtual_machine_scale_set",
      "name": "terraformvmss",
      "provider": "provider.azurerm",
      "instances": [
        {
          "schema_version": 1,
          "attributes": {
            "automatic_os_upgrade": false,
            "boot_diagnostics": [],
            "eviction_policy": "",
            "extension": [
              {
                "auto_upgrade_minor_version": null,
                "name": "bootstrap",
                "protected_settings": "",
                "provision_after_extensions": [],
                "publisher": "Microsoft.Azure.Extensions",
                "settings": "    {\n        \"fileUris\": [\"https://raw.githubusercontent.com/bedro96/terraform_vmss_from_image_with_ag/master/setup.sh\"],\n        \"commandToExecute\": \"/bin/bash ./setup.sh\"\n    }\n",
                "type": "CustomScript",
                "type_handler_version": "2.0"
              }
            ],
            "health_probe_id": null,
            "id": "/subscriptions/05be085b-86ea-4336-addc-38fd56051a9e/resourceGroups/kunhovmss-rg/providers/Microsoft.Compute/virtualMachineScaleSets/kunhovmss",
            "identity": [
              {
                "identity_ids": null,
                "principal_id": "41d13b46-d452-4086-92ba-264e7a8f3806",
                "type": "SystemAssigned"
              }
            ],
            "license_type": "",
            "location": "southeastasia",
            "name": "kunhovmss",
            "network_profile": [
              {
                "accelerated_networking": null,
                "dns_settings": [],
                "ip_configuration": [
                  {
                    "application_gateway_backend_address_pool_ids": [
                      "/subscriptions/05be085b-86ea-4336-addc-38fd56051a9e/resourceGroups/kunhovmss-rg/providers/Microsoft.Network/applicationGateways/vmss-appgateway/backendAddressPools/kunhovmss-appg-beap"
                    ],
                    "application_security_group_ids": [],
                    "load_balancer_backend_address_pool_ids": [],
                    "load_balancer_inbound_nat_rules_ids": [
                      "/subscriptions/05be085b-86ea-4336-addc-38fd56051a9e/resourceGroups/kunhovmss-rg/providers/Microsoft.Network/loadBalancers/terraform-natlb/inboundNatPools/ssh"
                    ],
                    "name": "internal",
                    "primary": true,
                    "public_ip_address_configuration": [],
                    "subnet_id": "/subscriptions/05be085b-86ea-4336-addc-38fd56051a9e/resourceGroups/kunhovmss-rg/providers/Microsoft.Network/virtualNetworks/kunhovmss-vnet/subnets/vmss-subnet"
                  }
                ],
                "ip_forwarding": false,
                "name": "ssh_publiclb_profile",
                "network_security_group_id": "",
                "primary": true
              }
            ],
            "os_profile": [
              {
                "admin_password": "Password1234",
                "admin_username": "myadmin",
                "computer_name_prefix": "kunhovmss",
                "custom_data": ""
              }
            ],
            "os_profile_linux_config": [
              {
                "disable_password_authentication": false,
                "ssh_keys": [
                  {
                    "key_data": "ssh-rsa AAAAB3NzaC1yc2EAAAADAQABAAABAQCczY+8XfyQ3vc6kvCUMM10pTWKAUhsvKV82OUK8qjWMnG5De7zUGJ+KeLY75+zxQAZt7gkwUBudDNTK6HmEyUQ9W/q5KmvEqfa641CwFuksj2umXCkIyFcm0mAhAIxcKah8SwVfSl2zJlp/dqoSCBpzGFXEIYp4OtBiQTAjupAeLPYwKtXdUXzjmMzfhSpY4H4EYJzgzt/eS2thYMgOtvv5kr3/Xbee70STNVyoliSUHhW5EpDOmgD7/TRGAy+OqRUoqtyRMDByfRKHT62r+OcmZUpUiylnVllhmQyLYuLCXDZIqRTVfQv0G2QoCIV7CsJ0XG7bmalbp+D/bdgugsN",
                    "path": "/home/myadmin/.ssh/authorized_keys"
                  }
                ]
              }
            ],
            "os_profile_secrets": [],
            "os_profile_windows_config": [],
            "overprovision": false,
            "plan": [],
            "priority": "",
            "proximity_placement_group_id": null,
            "resource_group_name": "kunhovmss-rg",
            "rolling_upgrade_policy": [],
            "single_placement_group": true,
            "sku": [
              {
                "capacity": 1,
                "name": "Standard_F2s",
                "tier": "Standard"
              }
            ],
            "storage_profile_data_disk": [
              {
                "caching": "ReadWrite",
                "create_option": "FromImage",
                "disk_size_gb": 250,
                "lun": 0,
                "managed_disk_type": "Premium_LRS"
              }
            ],
            "storage_profile_image_reference": [
              {
                "id": "/subscriptions/05be085b-86ea-4336-addc-38fd56051a9e/resourceGroups/test-imgrepo-rg/providers/Microsoft.Compute/images/imgtestwithdatadisk",
                "offer": "",
                "publisher": "",
                "sku": "",
                "version": ""
              }
            ],
            "storage_profile_os_disk": [
              {
                "caching": "ReadWrite",
                "create_option": "FromImage",
                "image": "",
                "managed_disk_type": "Premium_LRS",
                "name": "",
                "os_type": "",
                "vhd_containers": []
              }
            ],
            "tags": {
              "EnablePendingDeletion": "true",
              "environment": "Terraform deployment"
            },
            "upgrade_policy_mode": "Manual",
            "zones": null
          },
          "private": "eyJzY2hlbWFfdmVyc2lvbiI6IjEifQ==",
          "depends_on": [
            "azurerm_application_gateway.network",
            "azurerm_lb_nat_pool.lbnatpool",
            "azurerm_resource_group.terraformrg",
            "azurerm_subnet.terraformsubnet",
            "data.azurerm_image.managed_image"
          ]
        }
      ]
    },
    {
      "mode": "managed",
      "type": "azurerm_virtual_network",
      "name": "terraformvnet",
      "provider": "provider.azurerm",
      "instances": [
        {
          "schema_version": 0,
          "attributes": {
            "address_space": [
              "10.0.0.0/16"
            ],
            "ddos_protection_plan": [],
            "dns_servers": null,
            "id": "/subscriptions/05be085b-86ea-4336-addc-38fd56051a9e/resourceGroups/kunhovmss-rg/providers/Microsoft.Network/virtualNetworks/kunhovmss-vnet",
            "location": "southeastasia",
            "name": "kunhovmss-vnet",
            "resource_group_name": "kunhovmss-rg",
            "subnet": [],
            "tags": {
              "environment": "Terraform Deployment"
            }
          },
          "private": "bnVsbA==",
          "depends_on": [
            "azurerm_resource_group.terraformrg"
          ]
        }
      ]
    }
  ]
}
