{
  "version": 4,
  "terraform_version": "0.12.7",
  "serial": 27,
  "lineage": "bfc26476-8a1c-7bfa-acea-a1da68a21de0",
  "outputs": {
    "public_ip_addr": {
      "value": "13.76.213.124",
      "type": "string"
    }
  },
  "resources": [
    {
      "mode": "data",
      "type": "azurerm_image",
      "name": "managed_image",
      "provider": "provider.azurerm",
      "instances": []
    },
    {
      "mode": "managed",
      "type": "azurerm_proximity_placement_group",
      "name": "terraformppg",
      "provider": "provider.azurerm",
      "instances": [
        {
          "schema_version": 0,
          "attributes": {
            "id": "/subscriptions/05be085b-86ea-4336-addc-38fd56051a9e/resourceGroups/kunhovmss-rg/providers/Microsoft.Compute/proximityPlacementGroups/TerraformPPG",
            "location": "southeastasia",
            "name": "TerraformPPG",
            "resource_group_name": "kunhovmss-rg",
            "tags": {
              "environment": "Terraform Deployment"
            }
          }
        }
      ]
    },
    {
      "mode": "managed",
      "type": "azurerm_resource_group",
      "name": "terraformrg",
      "provider": "provider.azurerm",
      "instances": [
        {
          "schema_version": 0,
          "attributes": {
            "id": "/subscriptions/05be085b-86ea-4336-addc-38fd56051a9e/resourceGroups/kunhovmss-rg",
            "location": "southeastasia",
            "name": "kunhovmss-rg",
            "tags": {
              "environment": "Terraform deployment"
            }
          },
          "private": "bnVsbA=="
        }
      ]
    }
  ]
}
