{
  "version": 4,
  "terraform_version": "0.12.7",
  "serial": 22,
  "lineage": "bfc26476-8a1c-7bfa-acea-a1da68a21de0",
  "outputs": {
    "public_ip_addr": {
      "value": "13.76.213.124",
      "type": "string"
    }
  },
  "resources": [
    {
      "mode": "data",
      "type": "azurerm_image",
      "name": "managed_image",
      "provider": "provider.azurerm",
      "instances": []
    },
    {
      "mode": "managed",
      "type": "azurerm_application_gateway",
      "name": "network",
      "provider": "provider.azurerm",
      "instances": [
        {
          "schema_version": 0,
          "attributes": {
            "authentication_certificate": [],
            "autoscale_configuration": [],
            "backend_address_pool": [
              {
                "fqdn_list": [],
                "fqdns": [],
                "id": "/subscriptions/05be085b-86ea-4336-addc-38fd56051a9e/resourceGroups/kunhovmss-rg/providers/Microsoft.Network/applicationGateways/vmss-appgateway/backendAddressPools/kunhovmss-appg-beap",
                "ip_address_list": [],
                "ip_addresses": [],
                "name": "kunhovmss-appg-beap"
              }
            ],
            "backend_http_settings": [
              {
                "affinity_cookie_name": "",
                "authentication_certificate": [],
                "connection_draining": [
                  {
                    "drain_timeout_sec": 10,
                    "enabled": true
                  }
                ],
                "cookie_based_affinity": "Disabled",
                "host_name": "",
                "id": "/subscriptions/05be085b-86ea-4336-addc-38fd56051a9e/resourceGroups/kunhovmss-rg/providers/Microsoft.Network/applicationGateways/vmss-appgateway/backendHttpSettingsCollection/kunhovmss-appg-be-htst",
                "name": "kunhovmss-appg-be-htst",
                "path": "/",
                "pick_host_name_from_backend_address": false,
                "port": 9000,
                "probe_id": "/subscriptions/05be085b-86ea-4336-addc-38fd56051a9e/resourceGroups/kunhovmss-rg/providers/Microsoft.Network/applicationGateways/vmss-appgateway/probes/kunhovmss-appg-probe",
                "probe_name": "kunhovmss-appg-probe",
                "protocol": "Http",
                "request_timeout": 1
              }
            ],
            "custom_error_configuration": [],
            "disabled_ssl_protocols": [],
            "enable_http2": false,
            "frontend_ip_configuration": [
              {
                "id": "/subscriptions/05be085b-86ea-4336-addc-38fd56051a9e/resourceGroups/kunhovmss-rg/providers/Microsoft.Network/applicationGateways/vmss-appgateway/frontendIPConfigurations/kunhovmss-appg-feip",
                "name": "kunhovmss-appg-feip",
                "private_ip_address": "",
                "private_ip_address_allocation": "Dynamic",
                "public_ip_address_id": "/subscriptions/05be085b-86ea-4336-addc-38fd56051a9e/resourceGroups/kunhovmss-rg/providers/Microsoft.Network/publicIPAddresses/ag-pip",
                "subnet_id": ""
              }
            ],
            "frontend_port": [
              {
                "id": "/subscriptions/05be085b-86ea-4336-addc-38fd56051a9e/resourceGroups/kunhovmss-rg/providers/Microsoft.Network/applicationGateways/vmss-appgateway/frontendPorts/kunhovmss-appg-feport",
                "name": "kunhovmss-appg-feport",
                "port": 80
              }
            ],
            "gateway_ip_configuration": [
              {
                "id": "/subscriptions/05be085b-86ea-4336-addc-38fd56051a9e/resourceGroups/kunhovmss-rg/providers/Microsoft.Network/applicationGateways/vmss-appgateway/gatewayIPConfigurations/my-gateway-ip-configuration",
                "name": "my-gateway-ip-configuration",
                "subnet_id": "/subscriptions/05be085b-86ea-4336-addc-38fd56051a9e/resourceGroups/kunhovmss-rg/providers/Microsoft.Network/virtualNetworks/kunhovmss-vnet/subnets/ag-subnet"
              }
            ],
            "http_listener": [
              {
                "custom_error_configuration": [],
                "frontend_ip_configuration_id": "/subscriptions/05be085b-86ea-4336-addc-38fd56051a9e/resourceGroups/kunhovmss-rg/providers/Microsoft.Network/applicationGateways/vmss-appgateway/frontendIPConfigurations/kunhovmss-appg-feip",
                "frontend_ip_configuration_name": "kunhovmss-appg-feip",
                "frontend_port_id": "/subscriptions/05be085b-86ea-4336-addc-38fd56051a9e/resourceGroups/kunhovmss-rg/providers/Microsoft.Network/applicationGateways/vmss-appgateway/frontendPorts/kunhovmss-appg-feport",
                "frontend_port_name": "kunhovmss-appg-feport",
                "host_name": "",
                "id": "/subscriptions/05be085b-86ea-4336-addc-38fd56051a9e/resourceGroups/kunhovmss-rg/providers/Microsoft.Network/applicationGateways/vmss-appgateway/httpListeners/kunhovmss-appg-httplstn",
                "name": "kunhovmss-appg-httplstn",
                "protocol": "Http",
                "require_sni": false,
                "ssl_certificate_id": "",
                "ssl_certificate_name": ""
              }
            ],
            "id": "/subscriptions/05be085b-86ea-4336-addc-38fd56051a9e/resourceGroups/kunhovmss-rg/providers/Microsoft.Network/applicationGateways/vmss-appgateway",
            "identity": [],
            "location": "southeastasia",
            "name": "vmss-appgateway",
            "probe": [
              {
                "host": "127.0.0.1",
                "id": "/subscriptions/05be085b-86ea-4336-addc-38fd56051a9e/resourceGroups/kunhovmss-rg/providers/Microsoft.Network/applicationGateways/vmss-appgateway/probes/kunhovmss-appg-probe",
                "interval": 1,
                "match": [
                  {
                    "body": "Healthy",
                    "status_code": [
                      "200-399"
                    ]
                  }
                ],
                "minimum_servers": 0,
                "name": "kunhovmss-appg-probe",
                "path": "/health",
                "pick_host_name_from_backend_http_settings": false,
                "protocol": "Http",
                "timeout": 1,
                "unhealthy_threshold": 2
              }
            ],
            "redirect_configuration": [],
            "request_routing_rule": [
              {
                "backend_address_pool_id": "/subscriptions/05be085b-86ea-4336-addc-38fd56051a9e/resourceGroups/kunhovmss-rg/providers/Microsoft.Network/applicationGateways/vmss-appgateway/backendAddressPools/kunhovmss-appg-beap",
                "backend_address_pool_name": "kunhovmss-appg-beap",
                "backend_http_settings_id": "/subscriptions/05be085b-86ea-4336-addc-38fd56051a9e/resourceGroups/kunhovmss-rg/providers/Microsoft.Network/applicationGateways/vmss-appgateway/backendHttpSettingsCollection/kunhovmss-appg-be-htst",
                "backend_http_settings_name": "kunhovmss-appg-be-htst",
                "http_listener_id": "/subscriptions/05be085b-86ea-4336-addc-38fd56051a9e/resourceGroups/kunhovmss-rg/providers/Microsoft.Network/applicationGateways/vmss-appgateway/httpListeners/kunhovmss-appg-httplstn",
                "http_listener_name": "kunhovmss-appg-httplstn",
                "id": "/subscriptions/05be085b-86ea-4336-addc-38fd56051a9e/resourceGroups/kunhovmss-rg/providers/Microsoft.Network/applicationGateways/vmss-appgateway/requestRoutingRules/kunhovmss-appg-rqrt",
                "name": "kunhovmss-appg-rqrt",
                "redirect_configuration_id": "",
                "redirect_configuration_name": "",
                "rewrite_rule_set_id": "",
                "rewrite_rule_set_name": "",
                "rule_type": "Basic",
                "url_path_map_id": "",
                "url_path_map_name": ""
              }
            ],
            "resource_group_name": "kunhovmss-rg",
            "rewrite_rule_set": [],
            "sku": [
              {
                "capacity": 2,
                "name": "Standard_v2",
                "tier": "Standard_v2"
              }
            ],
            "ssl_certificate": [],
            "ssl_policy": [
              {
                "cipher_suites": [],
                "disabled_protocols": [],
                "min_protocol_version": "",
                "policy_name": "",
                "policy_type": ""
              }
            ],
            "tags": {},
            "trusted_root_certificate": [],
            "url_path_map": [],
            "waf_configuration": [],
            "zones": []
          },
          "private": "bnVsbA==",
          "depends_on": [
            "azurerm_public_ip.agPIP",
            "azurerm_resource_group.terraformrg",
            "azurerm_subnet.agsubnet"
          ]
        }
      ]
    },
    {
      "mode": "managed",
      "type": "azurerm_proximity_placement_group",
      "name": "terraformppg",
      "provider": "provider.azurerm",
      "instances": [
        {
          "schema_version": 0,
          "attributes": {
            "id": "/subscriptions/05be085b-86ea-4336-addc-38fd56051a9e/resourceGroups/kunhovmss-rg/providers/Microsoft.Compute/proximityPlacementGroups/TerraformPPG",
            "location": "southeastasia",
            "name": "TerraformPPG",
            "resource_group_name": "kunhovmss-rg",
            "tags": {
              "environment": "Terraform Deployment"
            }
          }
        }
      ]
    },
    {
      "mode": "managed",
      "type": "azurerm_public_ip",
      "name": "agPIP",
      "provider": "provider.azurerm",
      "instances": [
        {
          "schema_version": 0,
          "attributes": {
            "allocation_method": "Static",
            "domain_name_label": null,
            "fqdn": null,
            "id": "/subscriptions/05be085b-86ea-4336-addc-38fd56051a9e/resourceGroups/kunhovmss-rg/providers/Microsoft.Network/publicIPAddresses/ag-pip",
            "idle_timeout_in_minutes": 4,
            "ip_address": "20.43.176.195",
            "ip_version": "IPv4",
            "location": "southeastasia",
            "name": "ag-pip",
            "public_ip_address_allocation": "Static",
            "public_ip_prefix_id": null,
            "resource_group_name": "kunhovmss-rg",
            "reverse_fqdn": null,
            "sku": "Standard",
            "tags": {
              "environment": "Terraform Deployment"
            },
            "zones": []
          },
          "private": "bnVsbA==",
          "depends_on": [
            "azurerm_resource_group.terraformrg"
          ]
        }
      ]
    },
    {
      "mode": "managed",
      "type": "azurerm_resource_group",
      "name": "terraformrg",
      "provider": "provider.azurerm",
      "instances": [
        {
          "schema_version": 0,
          "attributes": {
            "id": "/subscriptions/05be085b-86ea-4336-addc-38fd56051a9e/resourceGroups/kunhovmss-rg",
            "location": "southeastasia",
            "name": "kunhovmss-rg",
            "tags": {
              "environment": "Terraform deployment"
            }
          },
          "private": "bnVsbA=="
        }
      ]
    },
    {
      "mode": "managed",
      "type": "azurerm_subnet",
      "name": "agsubnet",
      "provider": "provider.azurerm",
      "instances": [
        {
          "schema_version": 0,
          "attributes": {
            "address_prefix": "10.0.2.0/24",
            "delegation": [],
            "enforce_private_link_endpoint_network_policies": false,
            "enforce_private_link_service_network_policies": false,
            "id": "/subscriptions/05be085b-86ea-4336-addc-38fd56051a9e/resourceGroups/kunhovmss-rg/providers/Microsoft.Network/virtualNetworks/kunhovmss-vnet/subnets/ag-subnet",
            "ip_configurations": [],
            "name": "ag-subnet",
            "network_security_group_id": "",
            "resource_group_name": "kunhovmss-rg",
            "route_table_id": "",
            "service_endpoints": [],
            "virtual_network_name": "kunhovmss-vnet"
          },
          "private": "bnVsbA==",
          "depends_on": [
            "azurerm_resource_group.terraformrg",
            "azurerm_virtual_network.terraformvnet"
          ]
        }
      ]
    },
    {
      "mode": "managed",
      "type": "azurerm_virtual_network",
      "name": "terraformvnet",
      "provider": "provider.azurerm",
      "instances": [
        {
          "schema_version": 0,
          "attributes": {
            "address_space": [
              "10.0.0.0/16"
            ],
            "ddos_protection_plan": [],
            "dns_servers": [],
            "id": "/subscriptions/05be085b-86ea-4336-addc-38fd56051a9e/resourceGroups/kunhovmss-rg/providers/Microsoft.Network/virtualNetworks/kunhovmss-vnet",
            "location": "southeastasia",
            "name": "kunhovmss-vnet",
            "resource_group_name": "kunhovmss-rg",
            "subnet": [
              {
                "address_prefix": "10.0.1.0/24",
                "id": "/subscriptions/05be085b-86ea-4336-addc-38fd56051a9e/resourceGroups/kunhovmss-rg/providers/Microsoft.Network/virtualNetworks/kunhovmss-vnet/subnets/vmss-subnet",
                "name": "vmss-subnet",
                "security_group": ""
              },
              {
                "address_prefix": "10.0.2.0/24",
                "id": "/subscriptions/05be085b-86ea-4336-addc-38fd56051a9e/resourceGroups/kunhovmss-rg/providers/Microsoft.Network/virtualNetworks/kunhovmss-vnet/subnets/ag-subnet",
                "name": "ag-subnet",
                "security_group": ""
              }
            ],
            "tags": {
              "environment": "Terraform Deployment"
            }
          },
          "private": "bnVsbA==",
          "depends_on": [
            "azurerm_resource_group.terraformrg"
          ]
        }
      ]
    }
  ]
}
